<?xml version="1.0" encoding="utf-8"?>
<Project ToolsVersion="4.0" xmlns="http://schemas.microsoft.com/developer/msbuild/2003">
  <ItemGroup>
    <Filter Include="include">
      <UniqueIdentifier>{93995380-89BD-4b04-88EB-625FBE52EBFB}</UniqueIdentifier>
      <Extensions>h;hh;hpp;hxx;hm;inl;inc;xsd</Extensions>
    </Filter>
    <Filter Include="Predicates">
      <UniqueIdentifier>{5e65ecc8-5bde-4d06-955a-f155c916ac4f}</UniqueIdentifier>
    </Filter>
  </ItemGroup>
  <ItemGroup>
    <ClInclude Include="include\Brolog\Brolog.h">
      <Filter>include</Filter>
    </ClInclude>
    <ClInclude Include="include\Brolog\DataBase.h">
      <Filter>include</Filter>
    </ClInclude>
    <ClInclude Include="include\Brolog\Fact.h">
      <Filter>include</Filter>
    </ClInclude>
    <ClInclude Include="include\Brolog\Rule.h">
      <Filter>include</Filter>
    </ClInclude>
    <ClInclude Include="include\Brolog\TMP.h">
      <Filter>include</Filter>
    </ClInclude>
    <ClInclude Include="include\Brolog\Var.h">
      <Filter>include</Filter>
    </ClInclude>
    <ClInclude Include="include\Brolog\Function.h">
      <Filter>include</Filter>
    </ClInclude>
    <ClInclude Include="include\Brolog\VarChain.h">
      <Filter>include</Filter>
    </ClInclude>
    <ClInclude Include="include\Brolog\ArgPack.h">
      <Filter>include</Filter>
    </ClInclude>
    <ClInclude Include="include\Brolog\Predicates\Math.h">
      <Filter>Predicates</Filter>
    </ClInclude>
    <ClInclude Include="include\Brolog\Predicates\List.h">
      <Filter>Predicates</Filter>
    </ClInclude>
  </ItemGroup>
</Project>